// !$*UTF8*$!
{
	archiveVersion = 1;
	classes = {
	};
	objectVersion = 46;
	objects = {

/* Begin PBXBuildFile section */
		6D8F7B2F1EF5B94549F631F8 /* libPods-AFNetworkingLib.a in Frameworks */ = {isa = PBXBuildFile; fileRef = 186F093644995654AAB3384F /* libPods-AFNetworkingLib.a */; };
		768088AC1D745CCE00941540 /* AppDelegate.swift in Sources */ = {isa = PBXBuildFile; fileRef = 768088AB1D745CCE00941540 /* AppDelegate.swift */; };
		768088B11D745CCE00941540 /* Main.storyboard in Resources */ = {isa = PBXBuildFile; fileRef = 768088AF1D745CCE00941540 /* Main.storyboard */; };
		768088B31D745CCE00941540 /* Assets.xcassets in Resources */ = {isa = PBXBuildFile; fileRef = 768088B21D745CCE00941540 /* Assets.xcassets */; };
		768088B61D745CCE00941540 /* LaunchScreen.storyboard in Resources */ = {isa = PBXBuildFile; fileRef = 768088B41D745CCE00941540 /* LaunchScreen.storyboard */; };
		768088BE1D7461DE00941540 /* DownloadTaskViewController.swift in Sources */ = {isa = PBXBuildFile; fileRef = 768088BD1D7461DE00941540 /* DownloadTaskViewController.swift */; };
/* End PBXBuildFile section */

/* Begin PBXFileReference section */
		03A67712DA10AD4FA0A68095 /* Pods-AFNetworkingLib.release.xcconfig */ = {isa = PBXFileReference; includeInIndex = 1; lastKnownFileType = text.xcconfig; name = "Pods-AFNetworkingLib.release.xcconfig"; path = "Pods/Target Support Files/Pods-AFNetworkingLib/Pods-AFNetworkingLib.release.xcconfig"; sourceTree = "<group>"; };
		186F093644995654AAB3384F /* libPods-AFNetworkingLib.a */ = {isa = PBXFileReference; explicitFileType = archive.ar; includeInIndex = 0; path = "libPods-AFNetworkingLib.a"; sourceTree = BUILT_PRODUCTS_DIR; };
		768088A81D745CCE00941540 /* AFNetworkingLib.app */ = {isa = PBXFileReference; explicitFileType = wrapper.application; includeInIndex = 0; path = AFNetworkingLib.app; sourceTree = BUILT_PRODUCTS_DIR; };
		768088AB1D745CCE00941540 /* AppDelegate.swift */ = {isa = PBXFileReference; lastKnownFileType = sourcecode.swift; path = AppDelegate.swift; sourceTree = "<group>"; };
		768088B01D745CCE00941540 /* Base */ = {isa = PBXFileReference; lastKnownFileType = file.storyboard; name = Base; path = Base.lproj/Main.storyboard; sourceTree = "<group>"; };
		768088B21D745CCE00941540 /* Assets.xcassets */ = {isa = PBXFileReference; lastKnownFileType = folder.assetcatalog; path = Assets.xcassets; sourceTree = "<group>"; };
		768088B51D745CCE00941540 /* Base */ = {isa = PBXFileReference; lastKnownFileType = file.storyboard; name = Base; path = Base.lproj/LaunchScreen.storyboard; sourceTree = "<group>"; };
		768088B71D745CCE00941540 /* Info.plist */ = {isa = PBXFileReference; lastKnownFileType = text.plist.xml; path = Info.plist; sourceTree = "<group>"; };
		768088BD1D7461DE00941540 /* DownloadTaskViewController.swift */ = {isa = PBXFileReference; fileEncoding = 4; lastKnownFileType = sourcecode.swift; path = DownloadTaskViewController.swift; sourceTree = "<group>"; };
		768088BF1D7463E300941540 /* Bridging-Header.h */ = {isa = PBXFileReference; lastKnownFileType = sourcecode.c.h; path = "Bridging-Header.h"; sourceTree = "<group>"; };
		9C7F6E4111E60D63CB6206CE /* Pods-AFNetworkingLib.debug.xcconfig */ = {isa = PBXFileReference; includeInIndex = 1; lastKnownFileType = text.xcconfig; name = "Pods-AFNetworkingLib.debug.xcconfig"; path = "Pods/Target Support Files/Pods-AFNetworkingLib/Pods-AFNetworkingLib.debug.xcconfig"; sourceTree = "<group>"; };
/* End PBXFileReference section */

/* Begin PBXFrameworksBuildPhase section */
		768088A51D745CCE00941540 /* Frameworks */ = {
			isa = PBXFrameworksBuildPhase;
			buildActionMask = 2147483647;
			files = (
				6D8F7B2F1EF5B94549F631F8 /* libPods-AFNetworkingLib.a in Frameworks */,
			);
			runOnlyForDeploymentPostprocessing = 0;
		};
/* End PBXFrameworksBuildPhase section */

/* Begin PBXGroup section */
		3F4B2DAA07086EFA1A3890EF /* Frameworks */ = {
			isa = PBXGroup;
			children = (
				186F093644995654AAB3384F /* libPods-AFNetworkingLib.a */,
			);
			name = Frameworks;
			sourceTree = "<group>";
		};
		7680889F1D745CCE00941540 = {
			isa = PBXGroup;
			children = (
				768088AA1D745CCE00941540 /* AFNetworkingLib */,
				768088A91D745CCE00941540 /* Products */,
				A417283FE31DD7A229696FC6 /* Pods */,
				3F4B2DAA07086EFA1A3890EF /* Frameworks */,
			);
			sourceTree = "<group>";
		};
		768088A91D745CCE00941540 /* Products */ = {
			isa = PBXGroup;
			children = (
				768088A81D745CCE00941540 /* AFNetworkingLib.app */,
			);
			name = Products;
			sourceTree = "<group>";
		};
		768088AA1D745CCE00941540 /* AFNetworkingLib */ = {
			isa = PBXGroup;
			children = (
				768088AB1D745CCE00941540 /* AppDelegate.swift */,
				768088AF1D745CCE00941540 /* Main.storyboard */,
				768088B21D745CCE00941540 /* Assets.xcassets */,
				768088B41D745CCE00941540 /* LaunchScreen.storyboard */,
				768088B71D745CCE00941540 /* Info.plist */,
				768088BD1D7461DE00941540 /* DownloadTaskViewController.swift */,
				768088BF1D7463E300941540 /* Bridging-Header.h */,
			);
			path = AFNetworkingLib;
			sourceTree = "<group>";
		};
		A417283FE31DD7A229696FC6 /* Pods */ = {
			isa = PBXGroup;
			children = (
				9C7F6E4111E60D63CB6206CE /* Pods-AFNetworkingLib.debug.xcconfig */,
				03A67712DA10AD4FA0A68095 /* Pods-AFNetworkingLib.release.xcconfig */,
			);
			name = Pods;
			sourceTree = "<group>";
		};
/* End PBXGroup section */

/* Begin PBXNativeTarget section */
		768088A71D745CCE00941540 /* AFNetworkingLib */ = {
			isa = PBXNativeTarget;
			buildConfigurationList = 768088BA1D745CCE00941540 /* Build configuration list for PBXNativeTarget "AFNetworkingLib" */;
			buildPhases = (
				1AD2A8477E9E25E5737E1455 /* [CP] Check Pods Manifest.lock */,
				768088A41D745CCE00941540 /* Sources */,
				768088A51D745CCE00941540 /* Frameworks */,
				768088A61D745CCE00941540 /* Resources */,
				1680957D4BE6896C330478C4 /* [CP] Embed Pods Frameworks */,
				A7C07E36760A62642915CE73 /* [CP] Copy Pods Resources */,
			);
			buildRules = (
			);
			dependencies = (
			);
			name = AFNetworkingLib;
			productName = AFNetworkingLib;
			productReference = 768088A81D745CCE00941540 /* AFNetworkingLib.app */;
			productType = "com.apple.product-type.application";
		};
/* End PBXNativeTarget section */

/* Begin PBXProject section */
		768088A01D745CCE00941540 /* Project object */ = {
			isa = PBXProject;
			attributes = {
				LastSwiftUpdateCheck = 0730;
				LastUpgradeCheck = 0730;
				ORGANIZATIONNAME = MacSong;
				TargetAttributes = {
					768088A71D745CCE00941540 = {
						CreatedOnToolsVersion = 7.3;
					};
				};
			};
			buildConfigurationList = 768088A31D745CCE00941540 /* Build configuration list for PBXProject "AFNetworkingLib" */;
			compatibilityVersion = "Xcode 3.2";
			developmentRegion = English;
			hasScannedForEncodings = 0;
			knownRegions = (
				en,
				Base,
			);
			mainGroup = 7680889F1D745CCE00941540;
			productRefGroup = 768088A91D745CCE00941540 /* Products */;
			projectDirPath = "";
			projectRoot = "";
			targets = (
				768088A71D745CCE00941540 /* AFNetworkingLib */,
			);
		};
/* End PBXProject section */

/* Begin PBXResourcesBuildPhase section */
		768088A61D745CCE00941540 /* Resources */ = {
			isa = PBXResourcesBuildPhase;
			buildActionMask = 2147483647;
			files = (
				768088B61D745CCE00941540 /* LaunchScreen.storyboard in Resources */,
				768088B31D745CCE00941540 /* Assets.xcassets in Resources */,
				768088B11D745CCE00941540 /* Main.storyboard in Resources */,
			);
			runOnlyForDeploymentPostprocessing = 0;
		};
/* End PBXResourcesBuildPhase section */

/* Begin PBXShellScriptBuildPhase section */
		1680957D4BE6896C330478C4 /* [CP] Embed Pods Frameworks */ = {
			isa = PBXShellScriptBuildPhase;
			buildActionMask = 2147483647;
			files = (
			);
			inputPaths = (
			);
			name = "[CP] Embed Pods Frameworks";
			outputPaths = (
			);
			runOnlyForDeploymentPostprocessing = 0;
			shellPath = /bin/sh;
			shellScript = "\"${SRCROOT}/Pods/Target Support Files/Pods-AFNetworkingLib/Pods-AFNetworkingLib-frameworks.sh\"\n";
			showEnvVarsInLog = 0;
		};
		1AD2A8477E9E25E5737E1455 /* [CP] Check Pods Manifest.lock */ = {
			isa = PBXShellScriptBuildPhase;
			buildActionMask = 2147483647;
			files = (
			);
			inputPaths = (
			);
			name = "[CP] Check Pods Manifest.lock";
			outputPaths = (
			);
			runOnlyForDeploymentPostprocessing = 0;
			shellPath = /bin/sh;
			shellScript = "diff \"${PODS_ROOT}/../Podfile.lock\" \"${PODS_ROOT}/Manifest.lock\" > /dev/null\nif [[ $? != 0 ]] ; then\n    cat << EOM\nerror: The sandbox is not in sync with the Podfile.lock. Run 'pod install' or update your CocoaPods installation.\nEOM\n    exit 1\nfi\n";
			showEnvVarsInLog = 0;
		};
		A7C07E36760A62642915CE73 /* [CP] Copy Pods Resources */ = {
			isa = PBXShellScriptBuildPhase;
			buildActionMask = 2147483647;
			files = (
			);
			inputPaths = (
			);
			name = "[CP] Copy Pods Resources";
			outputPaths = (
			);
			runOnlyForDeploymentPostprocessing = 0;
			shellPath = /bin/sh;
			shellScript = "\"${SRCROOT}/Pods/Target Support Files/Pods-AFNetworkingLib/Pods-AFNetworkingLib-resources.sh\"\n";
			showEnvVarsInLog = 0;
		};
/* End PBXShellScriptBuildPhase section */

/* Begin PBXSourcesBuildPhase section */
		768088A41D745CCE00941540 /* Sources */ = {
			isa = PBXSourcesBuildPhase;
			buildActionMask = 2147483647;
			files = (
				768088BE1D7461DE00941540 /* DownloadTaskViewController.swift in Sources */,
				768088AC1D745CCE00941540 /* AppDelegate.swift in Sources */,
			);
			runOnlyForDeploymentPostprocessing = 0;
		};
/* End PBXSourcesBuildPhase section */

/* Begin PBXVariantGroup section */
		768088AF1D745CCE00941540 /* Main.storyboard */ = {
			isa = PBXVariantGroup;
			children = (
				768088B01D745CCE00941540 /* Base */,
			);
			name = Main.storyboard;
			sourceTree = "<group>";
		};
		768088B41D745CCE00941540 /* LaunchScreen.storyboard */ = {
			isa = PBXVariantGroup;
			children = (
				768088B51D745CCE00941540 /* Base */,
			);
			name = LaunchScreen.storyboard;
			sourceTree = "<group>";
		};
/* End PBXVariantGroup section */

/* Begin XCBuildConfiguration section */
		768088B81D745CCE00941540 /* Debug */ = {
			isa = XCBuildConfiguration;
			buildSettings = {
				ALWAYS_SEARCH_USER_PATHS = NO;
				CLANG_ANALYZER_NONNULL = YES;
				CLANG_CXX_LANGUAGE_STANDARD = "gnu++0x";
				CLANG_CXX_LIBRARY = "libc++";
				CLANG_ENABLE_MODULES = YES;
				CLANG_ENABLE_OBJC_ARC = YES;
				CLANG_WARN_BOOL_CONVERSION = YES;
				CLANG_WARN_CONSTANT_CONVERSION = YES;
				CLANG_WARN_DIRECT_OBJC_ISA_USAGE = YES_ERROR;
				CLANG_WARN_EMPTY_BODY = YES;
				CLANG_WARN_ENUM_CONVERSION = YES;
				CLANG_WARN_INT_CONVERSION = YES;
				CLANG_WARN_OBJC_ROOT_CLASS = YES_ERROR;
				CLANG_WARN_UNREACHABLE_CODE = YES;
				CLANG_WARN__DUPLICATE_METHOD_MATCH = YES;
				"CODE_SIGN_IDENTITY[sdk=iphoneos*]" = "iPhone Developer";
				COPY_PHASE_STRIP = NO;
				DEBUG_INFORMATION_FORMAT = dwarf;
				ENABLE_STRICT_OBJC_MSGSEND = YES;
				ENABLE_TESTABILITY = YES;
				GCC_C_LANGUAGE_STANDARD = gnu99;
				GCC_DYNAMIC_NO_PIC = NO;
				GCC_NO_COMMON_BLOCKS = YES;
				GCC_OPTIMIZATION_LEVEL = 0;
				GCC_PREPROCESSOR_DEFINITIONS = (
					"DEBUG=1",
					"$(inherited)",
				);
				GCC_WARN_64_TO_32_BIT_CONVERSION = YES;
				GCC_WARN_ABOUT_RETURN_TYPE = YES_ERROR;
				GCC_WARN_UNDECLARED_SELECTOR = YES;
				GCC_WARN_UNINITIALIZED_AUTOS = YES_AGGRESSIVE;
				GCC_WARN_UNUSED_FUNCTION = YES;
				GCC_WARN_UNUSED_VARIABLE = YES;
				IPHONEOS_DEPLOYMENT_TARGET = 9.3;
				MTL_ENABLE_DEBUG_INFO = YES;
				ONLY_ACTIVE_ARCH = YES;
				SDKROOT = iphoneos;
				SWIFT_OPTIMIZATION_LEVEL = "-Onone";
			};
			name = Debug;
		};
		768088B91D745CCE00941540 /* Release */ = {
			isa = XCBuildConfiguration;
			buildSettings = {
				ALWAYS_SEARCH_USER_PATHS = NO;
				CLANG_ANALYZER_NONNULL = YES;
				CLANG_CXX_LANGUAGE_STANDARD = "gnu++0x";
				CLANG_CXX_LIBRARY = "libc++";
				CLANG_ENABLE_MODULES = YES;
				CLANG_ENABLE_OBJC_ARC = YES;
				CLANG_WARN_BOOL_CONVERSION = YES;
				CLANG_WARN_CONSTANT_CONVERSION = YES;
				CLANG_WARN_DIRECT_OBJC_ISA_USAGE = YES_ERROR;
				CLANG_WARN_EMPTY_BODY = YES;
				CLANG_WARN_ENUM_CONVERSION = YES;
				CLANG_WARN_INT_CONVERSION = YES;
				CLANG_WARN_OBJC_ROOT_CLASS = YES_ERROR;
				CLANG_WARN_UNREACHABLE_CODE = YES;
				CLANG_WARN__DUPLICATE_METHOD_MATCH = YES;
				"CODE_SIGN_IDENTITY[sdk=iphoneos*]" = "iPhone Developer";
				COPY_PHASE_STRIP = NO;
				DEBUG_INFORMATION_FORMAT = "dwarf-with-dsym";
				ENABLE_NS_ASSERTIONS = NO;
				ENABLE_STRICT_OBJC_MSGSEND = YES;
				GCC_C_LANGUAGE_STANDARD = gnu99;
				GCC_NO_COMMON_BLOCKS = YES;
				GCC_WARN_64_TO_32_BIT_CONVERSION = YES;
				GCC_WARN_ABOUT_RETURN_TYPE = YES_ERROR;
				GCC_WARN_UNDECLARED_SELECTOR = YES;
				GCC_WARN_UNINITIALIZED_AUTOS = YES_AGGRESSIVE;
				GCC_WARN_UNUSED_FUNCTION = YES;
				GCC_WARN_UNUSED_VARIABLE = YES;
				IPHONEOS_DEPLOYMENT_TARGET = 9.3;
				MTL_ENABLE_DEBUG_INFO = NO;
				SDKROOT = iphoneos;
				VALIDATE_PRODUCT = YES;
			};
			name = Release;
		};
		768088BB1D745CCE00941540 /* Debug */ = {
			isa = XCBuildConfiguration;
			baseConfigurationReference = 9C7F6E4111E60D63CB6206CE /* Pods-AFNetworkingLib.debug.xcconfig */;
			buildSettings = {
				ASSETCATALOG_COMPILER_APPICON_NAME = AppIcon;
				CLANG_ENABLE_MODULES = YES;
				INFOPLIST_FILE = AFNetworkingLib/Info.plist;
				LD_RUNPATH_SEARCH_PATHS = "$(inherited) @executable_path/Frameworks";
				PRODUCT_BUNDLE_IDENTIFIER = MacSong.AFNetworkingLib;
				PRODUCT_NAME = "$(TARGET_NAME)";
				SWIFT_OBJC_BRIDGING_HEADER = "AFNetworkingLib/Bridging-Header.h";
				SWIFT_OPTIMIZATION_LEVEL = "-Onone";
			};
			name = Debug;
		};
		768088BC1D745CCE00941540 /* Release */ = {
			isa = XCBuildConfiguration;
			baseConfigurationReference = 03A67712DA10AD4FA0A68095 /* Pods-AFNetworkingLib.release.xcconfig */;
			buildSettings = {
				ASSETCATALOG_COMPILER_APPICON_NAME = AppIcon;
				CLANG_ENABLE_MODULES = YES;
				INFOPLIST_FILE = AFNetworkingLib/Info.plist;
				LD_RUNPATH_SEARCH_PATHS = "$(inherited) @executable_path/Frameworks";
				PRODUCT_BUNDLE_IDENTIFIER = MacSong.AFNetworkingLib;
				PRODUCT_NAME = "$(TARGET_NAME)";
				SWIFT_OBJC_BRIDGING_HEADER = "AFNetworkingLib/Bridging-Header.h";
			};
			name = Release;
		};
/* End XCBuildConfiguration section */

/* Begin XCConfigurationList section */
		768088A31D745CCE00941540 /* Build configuration list for PBXProject "AFNetworkingLib" */ = {
			isa = XCConfigurationList;
			buildConfigurations = (
				768088B81D745CCE00941540 /* Debug */,
				768088B91D745CCE00941540 /* Release */,
			);
			defaultConfigurationIsVisible = 0;
			defaultConfigurationName = Release;
		};
		768088BA1D745CCE00941540 /* Build configuration list for PBXNativeTarget "AFNetworkingLib" */ = {
			isa = XCConfigurationList;
			buildConfigurations = (
				768088BB1D745CCE00941540 /* Debug */,
				768088BC1D745CCE00941540 /* Release */,
			);
			defaultConfigurationIsVisible = 0;
			defaultConfigurationName = Release;
		};
/* End XCConfigurationList section */
	};
	rootObject = 768088A01D745CCE00941540 /* Project object */;
}
